
Microsoft Visual Studio Solution File, Format Version 12.00
# Visual Studio Version 17
VisualStudioVersion = 17.14.36401.2
MinimumVisualStudioVersion = 10.0.40219.1
Project("{FAE04EC0-301F-11D3-BF4B-00C04F79EFBC}") = "TheMovie.UI", "src\TheMovie.UI\TheMovie.UI.csproj", "{736157FC-40B7-4A56-8F21-C1CE49716E4E}"
EndProject
Project("{FAE04EC0-301F-11D3-BF4B-00C04F79EFBC}") = "TheMovie.Domain", "src\TheMovie.Domain\TheMovie.Domain.csproj", "{8759E43F-A7EE-4EBC-84BD-1B1103BB84FD}"
EndProject
Project("{FAE04EC0-301F-11D3-BF4B-00C04F79EFBC}") = "TheMovie.Application", "src\TheMovie.Application\TheMovie.Application.csproj", "{46933968-9CAE-4F0E-B8E6-0C9E0F33D9DD}"
EndProject
Project("{FAE04EC0-301F-11D3-BF4B-00C04F79EFBC}") = "TheMovie.Infrastructure", "src\TheMovie.Infrastructure\TheMovie.Infrastructure.csproj", "{5319154E-5B3F-4186-B5AD-65F89EEA67D7}"
EndProject
Project("{2150E333-8FDC-42A3-9474-1A3956D46DE8}") = "Solution Items", "Solution Items", "{8EC462FD-D22E-90A8-E5CE-7E832BA40C5D}"
	ProjectSection(SolutionItems) = preProject
		README.md = README.md
	EndProjectSection
EndProject
Project("{2150E333-8FDC-42A3-9474-1A3956D46DE8}") = "Tests", "Tests", "{02EA681E-C7D8-13C7-8484-4AC65E1B71E8}"
EndProject
Project("{FAE04EC0-301F-11D3-BF4B-00C04F79EFBC}") = "TheMovie.Domain.Tests", "tests\TheMovie.Domain.Tests\TheMovie.Domain.Tests.csproj", "{105C529E-4B4B-4D6C-A381-20B6406FD394}"
EndProject
Project("{FAE04EC0-301F-11D3-BF4B-00C04F79EFBC}") = "TheMovie.UI.Tests", "tests\TheMovie.UI.Tests\TheMovie.UI.Tests.csproj", "{7DDC016C-AB63-4C11-ACA8-4E12A33B141B}"
EndProject
Project("{FAE04EC0-301F-11D3-BF4B-00C04F79EFBC}") = "TheMovie.Persistents.Tests", "tests\TheMovie.Persistents.Tests\TheMovie.Persistents.Tests.csproj", "{58F57F44-DC6A-4D2D-8C57-34FCF8CA2A83}"
EndProject
Project("{2150E333-8FDC-42A3-9474-1A3956D46DE8}") = "docs", "docs", "{03371D06-5C33-49D0-A8EB-AB53BD397381}"
	ProjectSection(SolutionItems) = preProject
		docs\DCD-spirnt2.mmd = docs\DCD-spirnt2.mmd
		docs\DCD-MVVM-EditMovieView.mmd = docs\DCD-MVVM-EditMovieView.mmd
		docs\DCD-spirnt3.mmd = docs\DCD-spirnt3.mmd
		docs\DCD.mmd = docs\DCD.mmd
		docs\DomainModel-sprint2.mmd = docs\DomainModel-sprint2.mmd
		docs\DomainModel-sprint3.mmd = docs\DomainModel-sprint3.mmd
		docs\DomainModel.mmd = docs\DomainModel.mmd
	EndProjectSection
EndProject
Project("{2150E333-8FDC-42A3-9474-1A3956D46DE8}") = "Use Story", "Use Story", "{01734C38-04C6-45D5-9946-4653C8C4D59A}"
	ProjectSection(SolutionItems) = preProject
		docs\Scenarie 3 UC1\Scenarie 3 UC1 Find dagens muligheder.md = docs\Scenarie 3 UC1\Scenarie 3 UC1 Find dagens muligheder.md
		docs\Scenarie 3 UC2\Scenarie 3 UC2 Opret booking.md = docs\Scenarie 3 UC2\Scenarie 3 UC2 Opret booking.md
		docs\Scenarie 3 UC3\Scenarie 3 UC3 Slet booking.md = docs\Scenarie 3 UC3\Scenarie 3 UC3 Slet booking.md
		docs\Scenarie 3 UC4\Scenarie 3 UC4 Rediger booking.md = docs\Scenarie 3 UC4\Scenarie 3 UC4 Rediger booking.md
	EndProjectSection
EndProject
Project("{2150E333-8FDC-42A3-9474-1A3956D46DE8}") = "Scenarie 3 UC1 Find dagens muligheder", "Scenarie 3 UC1 Find dagens muligheder", "{B1E74A82-9A76-4C5D-920B-5D2A4E2498B1}"
	ProjectSection(SolutionItems) = preProject
		docs\Scenarie 3 UC1\Operation contract S3-UC1.md = docs\Scenarie 3 UC1\Operation contract S3-UC1.md
		docs\Scenarie 3 UC1\Scenarie 3 UC1 Find dagens muligheder.md = docs\Scenarie 3 UC1\Scenarie 3 UC1 Find dagens muligheder.md
		docs\Scenarie 3 UC1\SD S3 UC1.mmd = docs\Scenarie 3 UC1\SD S3 UC1.mmd
		docs\Scenarie 3 UC1\SSD S3 UC1.mmd = docs\Scenarie 3 UC1\SSD S3 UC1.mmd
	EndProjectSection
EndProject
Project("{2150E333-8FDC-42A3-9474-1A3956D46DE8}") = "Scenarie 3 UC4 Rediger booking", "Scenarie 3 UC4 Rediger booking", "{BF2AA855-6098-45EC-AEB2-935D44DCC2D4}"
	ProjectSection(SolutionItems) = preProject
		docs\Scenarie 3 UC4\Operation Contract S3-UC4.md = docs\Scenarie 3 UC4\Operation Contract S3-UC4.md
		docs\Scenarie 3 UC4\Scenarie 3 UC4 Rediger booking.md = docs\Scenarie 3 UC4\Scenarie 3 UC4 Rediger booking.md
		docs\Scenarie 3 UC4\SD S3 UC4.mmd = docs\Scenarie 3 UC4\SD S3 UC4.mmd
		docs\Scenarie 3 UC4\SSD S3 UC4.mmd = docs\Scenarie 3 UC4\SSD S3 UC4.mmd
	EndProjectSection
EndProject
Project("{2150E333-8FDC-42A3-9474-1A3956D46DE8}") = "Scenarie 3 UC3 Slet booking", "Scenarie 3 UC3 Slet booking", "{5E1F1CCC-8BFB-4C3C-8378-30449DF47A53}"
	ProjectSection(SolutionItems) = preProject
		docs\Scenarie 3 UC3\Operation Contract S3-UC3.md = docs\Scenarie 3 UC3\Operation Contract S3-UC3.md
		docs\Scenarie 3 UC3\Scenarie 3 UC3 Slet booking.md = docs\Scenarie 3 UC3\Scenarie 3 UC3 Slet booking.md
		docs\Scenarie 3 UC3\SD S3 UC3.mmd = docs\Scenarie 3 UC3\SD S3 UC3.mmd
		docs\Scenarie 3 UC3\SSD S3 UC3.mmd = docs\Scenarie 3 UC3\SSD S3 UC3.mmd
	EndProjectSection
EndProject
Project("{2150E333-8FDC-42A3-9474-1A3956D46DE8}") = "Scenarie 3 UC2 Opret booking", "Scenarie 3 UC2 Opret booking", "{EB9B0BD4-8904-41FF-9362-4AE44FA55810}"
	ProjectSection(SolutionItems) = preProject
		docs\Scenarie 3 UC2\Operation contract S3-UC2.md = docs\Scenarie 3 UC2\Operation contract S3-UC2.md
		docs\Scenarie 3 UC2\Scenarie 3 UC2 Opret booking.md = docs\Scenarie 3 UC2\Scenarie 3 UC2 Opret booking.md
		docs\Scenarie 3 UC2\SD S3 UC2.mmd = docs\Scenarie 3 UC2\SD S3 UC2.mmd
		docs\Scenarie 3 UC2\SSD S3 UC2.mmd = docs\Scenarie 3 UC2\SSD S3 UC2.mmd
	EndProjectSection
EndProject
Global
	GlobalSection(SolutionConfigurationPlatforms) = preSolution
		Debug|Any CPU = Debug|Any CPU
		Release|Any CPU = Release|Any CPU
		Tests|Any CPU = Tests|Any CPU
	EndGlobalSection
	GlobalSection(ProjectConfigurationPlatforms) = postSolution
		{736157FC-40B7-4A56-8F21-C1CE49716E4E}.Debug|Any CPU.ActiveCfg = Debug|Any CPU
		{736157FC-40B7-4A56-8F21-C1CE49716E4E}.Debug|Any CPU.Build.0 = Debug|Any CPU
		{736157FC-40B7-4A56-8F21-C1CE49716E4E}.Release|Any CPU.ActiveCfg = Release|Any CPU
		{736157FC-40B7-4A56-8F21-C1CE49716E4E}.Release|Any CPU.Build.0 = Release|Any CPU
		{736157FC-40B7-4A56-8F21-C1CE49716E4E}.Tests|Any CPU.ActiveCfg = Tests|Any CPU
		{736157FC-40B7-4A56-8F21-C1CE49716E4E}.Tests|Any CPU.Build.0 = Tests|Any CPU
		{8759E43F-A7EE-4EBC-84BD-1B1103BB84FD}.Debug|Any CPU.ActiveCfg = Debug|Any CPU
		{8759E43F-A7EE-4EBC-84BD-1B1103BB84FD}.Debug|Any CPU.Build.0 = Debug|Any CPU
		{8759E43F-A7EE-4EBC-84BD-1B1103BB84FD}.Release|Any CPU.ActiveCfg = Release|Any CPU
		{8759E43F-A7EE-4EBC-84BD-1B1103BB84FD}.Release|Any CPU.Build.0 = Release|Any CPU
		{8759E43F-A7EE-4EBC-84BD-1B1103BB84FD}.Tests|Any CPU.ActiveCfg = Tests|Any CPU
		{8759E43F-A7EE-4EBC-84BD-1B1103BB84FD}.Tests|Any CPU.Build.0 = Tests|Any CPU
		{46933968-9CAE-4F0E-B8E6-0C9E0F33D9DD}.Debug|Any CPU.ActiveCfg = Debug|Any CPU
		{46933968-9CAE-4F0E-B8E6-0C9E0F33D9DD}.Debug|Any CPU.Build.0 = Debug|Any CPU
		{46933968-9CAE-4F0E-B8E6-0C9E0F33D9DD}.Release|Any CPU.ActiveCfg = Release|Any CPU
		{46933968-9CAE-4F0E-B8E6-0C9E0F33D9DD}.Release|Any CPU.Build.0 = Release|Any CPU
		{46933968-9CAE-4F0E-B8E6-0C9E0F33D9DD}.Tests|Any CPU.ActiveCfg = Tests|Any CPU
		{46933968-9CAE-4F0E-B8E6-0C9E0F33D9DD}.Tests|Any CPU.Build.0 = Tests|Any CPU
		{5319154E-5B3F-4186-B5AD-65F89EEA67D7}.Debug|Any CPU.ActiveCfg = Debug|Any CPU
		{5319154E-5B3F-4186-B5AD-65F89EEA67D7}.Debug|Any CPU.Build.0 = Debug|Any CPU
		{5319154E-5B3F-4186-B5AD-65F89EEA67D7}.Release|Any CPU.ActiveCfg = Release|Any CPU
		{5319154E-5B3F-4186-B5AD-65F89EEA67D7}.Release|Any CPU.Build.0 = Release|Any CPU
		{5319154E-5B3F-4186-B5AD-65F89EEA67D7}.Tests|Any CPU.ActiveCfg = Tests|Any CPU
		{5319154E-5B3F-4186-B5AD-65F89EEA67D7}.Tests|Any CPU.Build.0 = Tests|Any CPU
		{105C529E-4B4B-4D6C-A381-20B6406FD394}.Debug|Any CPU.ActiveCfg = Debug|Any CPU
		{105C529E-4B4B-4D6C-A381-20B6406FD394}.Debug|Any CPU.Build.0 = Debug|Any CPU
		{105C529E-4B4B-4D6C-A381-20B6406FD394}.Release|Any CPU.ActiveCfg = Release|Any CPU
		{105C529E-4B4B-4D6C-A381-20B6406FD394}.Release|Any CPU.Build.0 = Release|Any CPU
		{105C529E-4B4B-4D6C-A381-20B6406FD394}.Tests|Any CPU.ActiveCfg = Tests|Any CPU
		{105C529E-4B4B-4D6C-A381-20B6406FD394}.Tests|Any CPU.Build.0 = Tests|Any CPU
		{7DDC016C-AB63-4C11-ACA8-4E12A33B141B}.Debug|Any CPU.ActiveCfg = Debug|Any CPU
		{7DDC016C-AB63-4C11-ACA8-4E12A33B141B}.Debug|Any CPU.Build.0 = Debug|Any CPU
		{7DDC016C-AB63-4C11-ACA8-4E12A33B141B}.Release|Any CPU.ActiveCfg = Release|Any CPU
		{7DDC016C-AB63-4C11-ACA8-4E12A33B141B}.Release|Any CPU.Build.0 = Release|Any CPU
		{7DDC016C-AB63-4C11-ACA8-4E12A33B141B}.Tests|Any CPU.ActiveCfg = Tests|Any CPU
		{7DDC016C-AB63-4C11-ACA8-4E12A33B141B}.Tests|Any CPU.Build.0 = Tests|Any CPU
		{58F57F44-DC6A-4D2D-8C57-34FCF8CA2A83}.Debug|Any CPU.ActiveCfg = Debug|Any CPU
		{58F57F44-DC6A-4D2D-8C57-34FCF8CA2A83}.Debug|Any CPU.Build.0 = Debug|Any CPU
		{58F57F44-DC6A-4D2D-8C57-34FCF8CA2A83}.Release|Any CPU.ActiveCfg = Release|Any CPU
		{58F57F44-DC6A-4D2D-8C57-34FCF8CA2A83}.Release|Any CPU.Build.0 = Release|Any CPU
		{58F57F44-DC6A-4D2D-8C57-34FCF8CA2A83}.Tests|Any CPU.ActiveCfg = Tests|Any CPU
		{58F57F44-DC6A-4D2D-8C57-34FCF8CA2A83}.Tests|Any CPU.Build.0 = Tests|Any CPU
	EndGlobalSection
	GlobalSection(SolutionProperties) = preSolution
		HideSolutionNode = FALSE
	EndGlobalSection
	GlobalSection(NestedProjects) = preSolution
		{105C529E-4B4B-4D6C-A381-20B6406FD394} = {02EA681E-C7D8-13C7-8484-4AC65E1B71E8}
		{7DDC016C-AB63-4C11-ACA8-4E12A33B141B} = {02EA681E-C7D8-13C7-8484-4AC65E1B71E8}
		{58F57F44-DC6A-4D2D-8C57-34FCF8CA2A83} = {02EA681E-C7D8-13C7-8484-4AC65E1B71E8}
		{03371D06-5C33-49D0-A8EB-AB53BD397381} = {8EC462FD-D22E-90A8-E5CE-7E832BA40C5D}
		{01734C38-04C6-45D5-9946-4653C8C4D59A} = {03371D06-5C33-49D0-A8EB-AB53BD397381}
		{B1E74A82-9A76-4C5D-920B-5D2A4E2498B1} = {01734C38-04C6-45D5-9946-4653C8C4D59A}
		{BF2AA855-6098-45EC-AEB2-935D44DCC2D4} = {01734C38-04C6-45D5-9946-4653C8C4D59A}
		{5E1F1CCC-8BFB-4C3C-8378-30449DF47A53} = {01734C38-04C6-45D5-9946-4653C8C4D59A}
		{EB9B0BD4-8904-41FF-9362-4AE44FA55810} = {01734C38-04C6-45D5-9946-4653C8C4D59A}
	EndGlobalSection
	GlobalSection(ExtensibilityGlobals) = postSolution
		SolutionGuid = {90ED41F1-3AF5-43F4-A221-8FCC79218E38}
	EndGlobalSection
EndGlobal
